
Microsoft Visual Studio Solution File, Format Version 12.00
# Visual Studio Version 17
VisualStudioVersion = 17.0.32112.339
MinimumVisualStudioVersion = 10.0.40219.1
Project("{FAE04EC0-301F-11D3-BF4B-00C04F79EFBC}") = "ClientApp", "ClientApp\ClientApp.csproj", "{B9092430-9480-4495-A8BE-FEBF758ACD1D}"
EndProject
Global
	GlobalSection(SolutionConfigurationPlatforms) = preSolution
		Debug|Any CPU = Debug|Any CPU
		Release|Any CPU = Release|Any CPU
	EndGlobalSection
	GlobalSection(ProjectConfigurationPlatforms) = postSolution
		{B9092430-9480-4495-A8BE-FEBF758ACD1D}.Debug|Any CPU.ActiveCfg = Debug|Any CPU
		{B9092430-9480-4495-A8BE-FEBF758ACD1D}.Debug|Any CPU.Build.0 = Debug|Any CPU
		{B9092430-9480-4495-A8BE-FEBF758ACD1D}.Release|Any CPU.ActiveCfg = Release|Any CPU
		{B9092430-9480-4495-A8BE-FEBF758ACD1D}.Release|Any CPU.Build.0 = Release|Any CPU
	EndGlobalSection
	GlobalSection(SolutionProperties) = preSolution
		HideSolutionNode = FALSE
	EndGlobalSection
	GlobalSection(ExtensibilityGlobals) = postSolution
		SolutionGuid = {E005D2BF-D3EC-4A87-A059-DA75A8DCB425}
	EndGlobalSection
EndGlobal
